{
  "requires": true,
  "lockfileVersion": 1,
  "dependencies": {
    "moment": {
      "version": "2.27.0",
      "resolved": "https://registry.npmjs.org/moment/-/moment-2.27.0.tgz",
      "integrity": "sha512-al0MUK7cpIcglMv3YF13qSgdAIqxHTO7brRtaz3DlSULbqfazqkc5kEjNrLDOM7fsjshoFIihnU8snrP7zUvhQ=="
    },
    "react-csv": {
      "version": "2.0.3",
      "resolved": "https://registry.npmjs.org/react-csv/-/react-csv-2.0.3.tgz",
      "integrity": "sha512-exyAdFLAxtuM4wNwLYrlKyPYLiJ7e0mv9tqPAd3kq+k1CiJFtznevR3yP0icv5q/y200w+lzNgi7TQn1Wrhu0w=="
    }
  }
}
